
Microsoft Visual Studio Solution File, Format Version 12.00
# Visual Studio Version 16
VisualStudioVersion = 16.0.36324.18
MinimumVisualStudioVersion = 10.0.40219.1
Project("{FAE04EC0-301F-11D3-BF4B-00C04F79EFBC}") = "WindowsFormsApp3", "WindowsFormsApp3\WindowsFormsApp3.csproj", "{E85D9817-458A-44C7-A84C-8F643C0B451F}"
EndProject
Global
	GlobalSection(SolutionConfigurationPlatforms) = preSolution
		Debug|Any CPU = Debug|Any CPU
		Debug|x64 = Debug|x64
		Release|Any CPU = Release|Any CPU
		Release|x64 = Release|x64
	EndGlobalSection
	GlobalSection(ProjectConfigurationPlatforms) = postSolution
		{E85D9817-458A-44C7-A84C-8F643C0B451F}.Debug|Any CPU.ActiveCfg = Debug|Any CPU
		{E85D9817-458A-44C7-A84C-8F643C0B451F}.Debug|Any CPU.Build.0 = Debug|Any CPU
		{E85D9817-458A-44C7-A84C-8F643C0B451F}.Debug|x64.ActiveCfg = Debug|x64
		{E85D9817-458A-44C7-A84C-8F643C0B451F}.Debug|x64.Build.0 = Debug|x64
		{E85D9817-458A-44C7-A84C-8F643C0B451F}.Release|Any CPU.ActiveCfg = Release|Any CPU
		{E85D9817-458A-44C7-A84C-8F643C0B451F}.Release|Any CPU.Build.0 = Release|Any CPU
		{E85D9817-458A-44C7-A84C-8F643C0B451F}.Release|x64.ActiveCfg = Release|x64
		{E85D9817-458A-44C7-A84C-8F643C0B451F}.Release|x64.Build.0 = Release|x64
	EndGlobalSection
	GlobalSection(SolutionProperties) = preSolution
		HideSolutionNode = FALSE
	EndGlobalSection
	GlobalSection(ExtensibilityGlobals) = postSolution
		SolutionGuid = {61ED1D97-F19E-44D2-8535-FD271DC983F1}
	EndGlobalSection
EndGlobal
